<?xml version="1.0" encoding="utf-8"?>
<Project ToolsVersion="4.0" xmlns="http://schemas.microsoft.com/developer/msbuild/2003">
  <ItemGroup>
    <Filter Include="ソース ファイル">
      <UniqueIdentifier>{4FC737F1-C7A5-4376-A066-2A32D752A2FF}</UniqueIdentifier>
      <Extensions>cpp;c;cc;cxx;def;odl;idl;hpj;bat;asm;asmx</Extensions>
    </Filter>
    <Filter Include="ヘッダー ファイル">
      <UniqueIdentifier>{93995380-89BD-4b04-88EB-625FBE52EBFB}</UniqueIdentifier>
      <Extensions>h;hpp;hxx;hm;inl;inc;xsd</Extensions>
    </Filter>
    <Filter Include="リソース ファイル">
      <UniqueIdentifier>{67DA6AB6-F800-4c08-8B7A-83BB121AAD01}</UniqueIdentifier>
      <Extensions>rc;ico;cur;bmp;dlg;rc2;rct;bin;rgs;gif;jpg;jpeg;jpe;resx;tiff;tif;png;wav;mfcribbon-ms</Extensions>
    </Filter>
    <Filter Include="ソース ファイル\ChatProvider">
      <UniqueIdentifier>{8bf13231-c3ce-4fe7-bc78-c7d385f21c32}</UniqueIdentifier>
    </Filter>
    <Filter Include="ヘッダー ファイル\ChatProvider">
      <UniqueIdentifier>{7ed82ac4-e334-4c7e-9091-30743040fe4f}</UniqueIdentifier>
    </Filter>
    <Filter Include="ソース ファイル\Utils">
      <UniqueIdentifier>{72f4b4d4-f817-4a5a-b48a-0c6e28f6e8a4}</UniqueIdentifier>
    </Filter>
    <Filter Include="ソース ファイル\NiconicoJikkyouUtils">
      <UniqueIdentifier>{7bf790f6-2317-4132-9cb5-3f4683ecbc28}</UniqueIdentifier>
    </Filter>
    <Filter Include="ヘッダー ファイル\Utils">
      <UniqueIdentifier>{c39276a9-b82c-413b-b48a-385313ed89a2}</UniqueIdentifier>
    </Filter>
    <Filter Include="ヘッダー ファイル\NiconicoJikkyouUtils">
      <UniqueIdentifier>{ece16e1c-c9c2-4a12-982a-85a502ab6fdd}</UniqueIdentifier>
    </Filter>
  </ItemGroup>
  <ItemGroup>
    <ClInclude Include="stdafx.h">
      <Filter>ヘッダー ファイル</Filter>
    </ClInclude>
    <ClInclude Include="NicoJK.h">
      <Filter>ヘッダー ファイル</Filter>
    </ClInclude>
    <ClInclude Include="resource.h">
      <Filter>ヘッダー ファイル</Filter>
    </ClInclude>
    <ClInclude Include="CommentWindow.h">
      <Filter>ヘッダー ファイル</Filter>
    </ClInclude>
    <ClInclude Include="TVTestPlugin.h">
      <Filter>ヘッダー ファイル</Filter>
    </ClInclude>
    <ClInclude Include="NetworkServiceIDTable.h">
      <Filter>ヘッダー ファイル</Filter>
    </ClInclude>
    <ClInclude Include="Util.h">
      <Filter>ヘッダー ファイル</Filter>
    </ClInclude>
    <ClInclude Include="TextFileReader.h">
      <Filter>ヘッダー ファイル</Filter>
    </ClInclude>
    <ClInclude Include="OsdCompositor.h">
      <Filter>ヘッダー ファイル</Filter>
    </ClInclude>
    <ClInclude Include="AsyncSocket.h">
      <Filter>ヘッダー ファイル</Filter>
    </ClInclude>
    <ClInclude Include="JKIDNameTable.h">
      <Filter>ヘッダー ファイル</Filter>
    </ClInclude>
    <ClInclude Include="MyXml\MyXml.h">
      <Filter>ヘッダー ファイル</Filter>
    </ClInclude>
    <ClInclude Include="NicoJKKakolog\ChannelInfo.h">
      <Filter>ヘッダー ファイル</Filter>
    </ClInclude>
    <ClInclude Include="NicoJKKakolog\Chat.h">
      <Filter>ヘッダー ファイル</Filter>
    </ClInclude>
    <ClInclude Include="NicoJKKakolog\IniFile.h">
      <Filter>ヘッダー ファイル\Utils</Filter>
    </ClInclude>
    <ClInclude Include="NicoJKKakolog\NicoJKKakolog.h">
      <Filter>ヘッダー ファイル</Filter>
    </ClInclude>
    <ClInclude Include="NicoJKKakolog\ChatProvider\IChatProvider.h">
      <Filter>ヘッダー ファイル\ChatProvider</Filter>
    </ClInclude>
    <ClInclude Include="NicoJKKakolog\ChatProvider\NicoJikkyouLogFileStreamChatProvider.h">
      <Filter>ヘッダー ファイル\ChatProvider</Filter>
    </ClInclude>
    <ClInclude Include="NicoJKKakolog\ChatProvider\NiconicoJikkyouChatProvider.h">
      <Filter>ヘッダー ファイル\ChatProvider</Filter>
    </ClInclude>
    <ClInclude Include="NicoJKKakolog\ChatProvider\NiconicoJikkyouLogChatProvider.h">
      <Filter>ヘッダー ファイル\ChatProvider</Filter>
    </ClInclude>
    <ClInclude Include="NicoJKKakolog\ChatProvider\NiconicoJikkyouLogStreamChatProvider.h">
      <Filter>ヘッダー ファイル\ChatProvider</Filter>
    </ClInclude>
    <ClInclude Include="NicoJKKakolog\ChatProvider\TestChatProvider.h">
      <Filter>ヘッダー ファイル\ChatProvider</Filter>
    </ClInclude>
    <ClInclude Include="NicoJKKakolog\ChatProvider\OnceASecondChatProvider.h">
      <Filter>ヘッダー ファイル</Filter>
    </ClInclude>
    <ClInclude Include="NicoJKKakolog\ChatProviderEntry\IChatProviderEntry.h">
      <Filter>ヘッダー ファイル\ChatProvider</Filter>
    </ClInclude>
    <ClInclude Include="NicoJKKakolog\ChatProviderEntry\NiconicoJikkyouLogFileStreamChatProviderEntry.h">
      <Filter>ヘッダー ファイル\ChatProvider</Filter>
    </ClInclude>
    <ClInclude Include="NicoJKKakolog\ChatProviderEntry\NiconicoJikkyouLogChatProviderEntry.h">
      <Filter>ヘッダー ファイル\ChatProvider</Filter>
    </ClInclude>
    <ClInclude Include="NicoJKKakolog\ChatProviderEntry\NiconicoJikkyouChatProviderEntry.h">
      <Filter>ヘッダー ファイル\ChatProvider</Filter>
    </ClInclude>
    <ClInclude Include="NicoJKKakolog\NiconicoUtils\DefaultJkIdTable.h">
      <Filter>ヘッダー ファイル\NiconicoJikkyouUtils</Filter>
    </ClInclude>
    <ClInclude Include="NicoJKKakolog\NiconicoUtils\NiconicoJikkyouXmlParser.h">
      <Filter>ヘッダー ファイル\NiconicoJikkyouUtils</Filter>
    </ClInclude>
    <ClInclude Include="NicoJKKakolog\NiconicoUtils\NiconicoLoginSession.h">
      <Filter>ヘッダー ファイル\NiconicoJikkyouUtils</Filter>
    </ClInclude>
    <ClInclude Include="NicoJKKakolog\ChatProvider\NichanChatProvider.h">
      <Filter>ヘッダー ファイル</Filter>
    </ClInclude>
    <ClInclude Include="NicoJKKakolog\ChatProviderEntry\NichanChatProviderEntry.h">
      <Filter>ヘッダー ファイル</Filter>
    </ClInclude>
    <ClInclude Include="NichanParser\Nichan.h">
      <Filter>ヘッダー ファイル</Filter>
    </ClInclude>
    <ClInclude Include="NichanParser\NichanParser.h">
      <Filter>ヘッダー ファイル</Filter>
    </ClInclude>
    <ClInclude Include="NicoJKKakolog\NichanUtils\INichanThreadSelector.h">
      <Filter>ヘッダー ファイル</Filter>
    </ClInclude>
    <ClInclude Include="NicoJKKakolog\NichanUtils\KeywordNichanThreadSelector.h">
      <Filter>ヘッダー ファイル</Filter>
    </ClInclude>
    <ClInclude Include="NicoJKKakolog\NichanChatProviderSettingDialog.h">
      <Filter>ヘッダー ファイル</Filter>
    </ClInclude>
    <ClInclude Include="NicoJKKakolog\NichanUtils\FuzzyNichanThreadSelector.h">
      <Filter>ヘッダー ファイル</Filter>
    </ClInclude>
    <ClInclude Include="NicoJKKakolog\SimpleArgumentParser.h">
      <Filter>ヘッダー ファイル</Filter>
    </ClInclude>
    <ClInclude Include="NicoJKKakolog\ChatModRule\IdNgChatModRule.h">
      <Filter>ヘッダー ファイル</Filter>
    </ClInclude>
    <ClInclude Include="NicoJKKakolog\ChatModRule\WordNgChatModRule.h">
      <Filter>ヘッダー ファイル</Filter>
    </ClInclude>
    <ClInclude Include="NicoJKKakolog\NgSettingDialog.h">
      <Filter>ヘッダー ファイル</Filter>
    </ClInclude>
    <ClInclude Include="MySock\EndPoint\EndPoint.h">
      <Filter>ヘッダー ファイル</Filter>
    </ClInclude>
    <ClInclude Include="MySock\EndPoint\IPEndPoint.h">
      <Filter>ヘッダー ファイル</Filter>
    </ClInclude>
    <ClInclude Include="MySock\EndPoint\RawEndPoint.h">
      <Filter>ヘッダー ファイル</Filter>
    </ClInclude>
    <ClInclude Include="MySock\EndPoint\UnixDomainEndPoint.h">
      <Filter>ヘッダー ファイル</Filter>
    </ClInclude>
    <ClInclude Include="MySock\AddressInfoErrorCategory.h">
      <Filter>ヘッダー ファイル</Filter>
    </ClInclude>
    <ClInclude Include="MySock\CommonIncludes.h">
      <Filter>ヘッダー ファイル</Filter>
    </ClInclude>
    <ClInclude Include="MySock\Dns.h">
      <Filter>ヘッダー ファイル</Filter>
    </ClInclude>
    <ClInclude Include="MySock\EndPointUtil.h">
      <Filter>ヘッダー ファイル</Filter>
    </ClInclude>
    <ClInclude Include="MySock\IPAddress.h">
      <Filter>ヘッダー ファイル</Filter>
    </ClInclude>
    <ClInclude Include="MySock\MemoryBlock.h">
      <Filter>ヘッダー ファイル</Filter>
    </ClInclude>
    <ClInclude Include="MySock\Socket.h">
      <Filter>ヘッダー ファイル</Filter>
    </ClInclude>
    <ClInclude Include="MySock\SocketAddress.h">
      <Filter>ヘッダー ファイル</Filter>
    </ClInclude>
    <ClInclude Include="MySock\WinsockInitializer.h">
      <Filter>ヘッダー ファイル</Filter>
    </ClInclude>
    <ClInclude Include="NicoJKKakolog\ChatModRule\JyougeIroKomeNgChatModRule.h">
      <Filter>ヘッダー ファイル</Filter>
    </ClInclude>
    <ClInclude Include="NicoJKKakolog\ChatModRule\IChatModRule.h">
      <Filter>ヘッダー ファイル</Filter>
    </ClInclude>
  </ItemGroup>
  <ItemGroup>
    <ClCompile Include="stdafx.cpp">
      <Filter>ソース ファイル</Filter>
    </ClCompile>
    <ClCompile Include="NicoJK.cpp">
      <Filter>ソース ファイル</Filter>
    </ClCompile>
    <ClCompile Include="CommentWindow.cpp">
      <Filter>ソース ファイル</Filter>
    </ClCompile>
    <ClCompile Include="Util.cpp">
      <Filter>ソース ファイル</Filter>
    </ClCompile>
    <ClCompile Include="TextFileReader.cpp">
      <Filter>ソース ファイル</Filter>
    </ClCompile>
    <ClCompile Include="OsdCompositor.cpp">
      <Filter>ソース ファイル</Filter>
    </ClCompile>
    <ClCompile Include="AsyncSocket.cpp">
      <Filter>ソース ファイル</Filter>
    </ClCompile>
    <ClCompile Include="MyXml\MyXml.cpp">
      <Filter>ソース ファイル</Filter>
    </ClCompile>
    <ClCompile Include="NicoJKKakolog\Chat.cpp">
      <Filter>ソース ファイル</Filter>
    </ClCompile>
    <ClCompile Include="NicoJKKakolog\IniFile.cpp">
      <Filter>ソース ファイル\Utils</Filter>
    </ClCompile>
    <ClCompile Include="NicoJKKakolog\NicoJKKakolog.cpp">
      <Filter>ソース ファイル</Filter>
    </ClCompile>
    <ClCompile Include="NicoJKKakolog\ChatProvider\NicoJikkyouLogFileStreamChatProvider.cpp">
      <Filter>ソース ファイル\ChatProvider</Filter>
    </ClCompile>
    <ClCompile Include="NicoJKKakolog\ChatProvider\NiconicoJikkyouChatProvider.cpp">
      <Filter>ソース ファイル\ChatProvider</Filter>
    </ClCompile>
    <ClCompile Include="NicoJKKakolog\ChatProvider\NiconicoJikkyouLogChatProvider.cpp">
      <Filter>ソース ファイル\ChatProvider</Filter>
    </ClCompile>
    <ClCompile Include="NicoJKKakolog\ChatProvider\NiconicoJikkyouLogStreamChatProvider.cpp">
      <Filter>ソース ファイル\ChatProvider</Filter>
    </ClCompile>
    <ClCompile Include="NicoJKKakolog\ChatProvider\TestChatProvider.cpp">
      <Filter>ソース ファイル\ChatProvider</Filter>
    </ClCompile>
    <ClCompile Include="NicoJKKakolog\ChatProvider\OnceASecondChatProvider.cpp">
      <Filter>ソース ファイル\ChatProvider</Filter>
    </ClCompile>
    <ClCompile Include="NicoJKKakolog\ChatProviderEntry\NiconicoJikkyouLogFileStreamChatProviderEntry.cpp">
      <Filter>ソース ファイル\ChatProvider</Filter>
    </ClCompile>
    <ClCompile Include="NicoJKKakolog\ChatProviderEntry\NiconicoJikkyouLogChatProviderEntry.cpp">
      <Filter>ソース ファイル\ChatProvider</Filter>
    </ClCompile>
    <ClCompile Include="NicoJKKakolog\ChatProviderEntry\NiconicoJikkyouChatProviderEntry.cpp">
      <Filter>ソース ファイル\ChatProvider</Filter>
    </ClCompile>
    <ClCompile Include="NicoJKKakolog\NiconicoUtils\DefaultJkIdTable.cpp">
      <Filter>ソース ファイル\NiconicoJikkyouUtils</Filter>
    </ClCompile>
    <ClCompile Include="NicoJKKakolog\NiconicoUtils\NiconicoJikkyouXmlParser.cpp">
      <Filter>ソース ファイル\NiconicoJikkyouUtils</Filter>
    </ClCompile>
    <ClCompile Include="NicoJKKakolog\NiconicoUtils\NiconicoLoginSession.cpp">
      <Filter>ソース ファイル\NiconicoJikkyouUtils</Filter>
    </ClCompile>
    <ClCompile Include="NicoJKKakolog\ChatProvider\NichanChatProvider.cpp">
      <Filter>ソース ファイル</Filter>
    </ClCompile>
    <ClCompile Include="NicoJKKakolog\ChatProviderEntry\NichanChatProviderEntry.cpp">
      <Filter>ソース ファイル</Filter>
    </ClCompile>
    <ClCompile Include="NichanParser\NichanParser.cpp">
      <Filter>ソース ファイル</Filter>
    </ClCompile>
    <ClCompile Include="NicoJKKakolog\NichanUtils\KeywordNichanThreadSelector.cpp">
      <Filter>ソース ファイル</Filter>
    </ClCompile>
    <ClCompile Include="NicoJKKakolog\NichanChatProviderSettingDialog.cpp">
      <Filter>ソース ファイル</Filter>
    </ClCompile>
    <ClCompile Include="NicoJKKakolog\NichanUtils\FuzzyNichanThreadSelector.cpp">
      <Filter>ソース ファイル</Filter>
    </ClCompile>
    <ClCompile Include="NicoJKKakolog\SimpleArgumentParser.cpp">
      <Filter>ソース ファイル</Filter>
    </ClCompile>
    <ClCompile Include="NicoJKKakolog\ChatModRule\IdNgChatModRule.cpp">
      <Filter>ソース ファイル</Filter>
    </ClCompile>
    <ClCompile Include="NicoJKKakolog\ChatModRule\WordNgChatModRule.cpp">
      <Filter>ソース ファイル</Filter>
    </ClCompile>
    <ClCompile Include="NicoJKKakolog\NgSettingDialog.cpp">
      <Filter>ソース ファイル</Filter>
    </ClCompile>
    <ClCompile Include="MySock\EndPoint\IPEndPoint.cpp">
      <Filter>ソース ファイル</Filter>
    </ClCompile>
    <ClCompile Include="MySock\EndPoint\RawEndPoint.cpp">
      <Filter>ソース ファイル</Filter>
    </ClCompile>
    <ClCompile Include="MySock\EndPoint\UnixDomainEndPoint.cpp">
      <Filter>ソース ファイル</Filter>
    </ClCompile>
    <ClCompile Include="MySock\AddressInfoErrorCategory.cpp">
      <Filter>ソース ファイル</Filter>
    </ClCompile>
    <ClCompile Include="MySock\Dns.cpp">
      <Filter>ソース ファイル</Filter>
    </ClCompile>
    <ClCompile Include="MySock\EndPointUtil.cpp">
      <Filter>ソース ファイル</Filter>
    </ClCompile>
    <ClCompile Include="MySock\IPAddress.cpp">
      <Filter>ソース ファイル</Filter>
    </ClCompile>
    <ClCompile Include="MySock\MemoryBlock.cpp">
      <Filter>ソース ファイル</Filter>
    </ClCompile>
    <ClCompile Include="MySock\Socket.cpp">
      <Filter>ソース ファイル</Filter>
    </ClCompile>
    <ClCompile Include="MySock\SocketAddress.cpp">
      <Filter>ソース ファイル</Filter>
    </ClCompile>
    <ClCompile Include="MySock\WinsockInitializer.cpp">
      <Filter>ソース ファイル</Filter>
    </ClCompile>
    <ClCompile Include="NicoJKKakolog\ChatModRule\JyougeIroKomeNgChatModRule.cpp">
      <Filter>ソース ファイル</Filter>
    </ClCompile>
  </ItemGroup>
  <ItemGroup>
    <ResourceCompile Include="NicoJK.rc">
      <Filter>リソース ファイル</Filter>
    </ResourceCompile>
  </ItemGroup>
  <ItemGroup>
    <None Include="packages.config" />
  </ItemGroup>
  <ItemGroup>
    <Text Include="ReadMe.txt" />
  </ItemGroup>
</Project>